
Microsoft Visual Studio Solution File, Format Version 12.00
# Visual Studio 14
VisualStudioVersion = 14.0.25420.1
MinimumVisualStudioVersion = 10.0.40219.1
Project("{FAE04EC0-301F-11D3-BF4B-00C04F79EFBC}") = "PHM.Math.Words", "PHM.Math.Words\PHM.Math.Words\PHM.Math.Words.csproj", "{776B05A6-DF7B-4BEC-83E4-A0A029EACEDA}"
EndProject
Project("{FAE04EC0-301F-11D3-BF4B-00C04F79EFBC}") = "PHM.Math.Words.Droid", "PHM.Math.Words\PHM.Math.Words.Droid\PHM.Math.Words.Droid.csproj", "{75173411-1D6D-4165-9E25-F218F3D00AF5}"
EndProject
Project("{FAE04EC0-301F-11D3-BF4B-00C04F79EFBC}") = "PHM.Math.Words.Windows", "PHM.Math.Words\PHM.Math.Words.Windows\PHM.Math.Words.Windows.csproj", "{2671976B-E1E5-4F0A-997C-FE32053E309A}"
EndProject
Project("{2150E333-8FDC-42A3-9474-1A3956D46DE8}") = "Platforms", "Platforms", "{FFA1D630-8C25-4D9C-8742-EF25EA846340}"
EndProject
Project("{2150E333-8FDC-42A3-9474-1A3956D46DE8}") = "Shared", "Shared", "{FE7CEB43-5931-4256-8651-4C3B7F1D1A73}"
EndProject
Project("{FAE04EC0-301F-11D3-BF4B-00C04F79EFBC}") = "PHM.Math.Words.Services.Core", "PHM.Maths.Words.Services.Core\PHM.Math.Words.Services.Core.csproj", "{8E6F224E-55E3-4827-B414-082ADCC97C19}"
EndProject
Project("{2150E333-8FDC-42A3-9474-1A3956D46DE8}") = "Core", "Core", "{FA31FDD0-C965-4988-9E27-1956D73738F6}"
EndProject
Project("{2150E333-8FDC-42A3-9474-1A3956D46DE8}") = "Services", "Services", "{AF1687BB-EE77-40C6-B107-4169B812EC2D}"
EndProject
Project("{FAE04EC0-301F-11D3-BF4B-00C04F79EFBC}") = "PHM.Math.Words.Services", "PHM.Math.Words.Services\PHM.Math.Words.Services.csproj", "{08EBD10D-1F07-4091-830C-18077B320F46}"
EndProject
Project("{FAE04EC0-301F-11D3-BF4B-00C04F79EFBC}") = "PHM.Math.Words.Services.Tests", "PHM.Math.Words.Services.Tests\PHM.Math.Words.Services.Tests.csproj", "{3C511FA6-A10A-4BBB-8A0E-912EEFE47882}"
EndProject
Project("{2150E333-8FDC-42A3-9474-1A3956D46DE8}") = "Factory", "Factory", "{197EE565-BE33-4C79-B5C1-A0DBB318AB2A}"
EndProject
Project("{FAE04EC0-301F-11D3-BF4B-00C04F79EFBC}") = "PHM.Math.Words.Services.Factory.Tests", "PHM.Math.Words.Services.Factory.Tests\PHM.Math.Words.Services.Factory.Tests.csproj", "{68BE513B-F935-47E0-8AB8-368EED815BEF}"
EndProject
Project("{FAE04EC0-301F-11D3-BF4B-00C04F79EFBC}") = "PHM.Math.Words.Services.Factory", "PHM.Math.Words.Services.Factory\PHM.Math.Words.Services.Factory.csproj", "{CB639809-5183-4142-BF60-0CDD1E802855}"
EndProject
Project("{FAE04EC0-301F-11D3-BF4B-00C04F79EFBC}") = "PHM.Math.Words.Controls", "PHM.Math.Words.Controls\PHM.Math.Words.Controls.csproj", "{B72AABC2-86A0-47A0-81FD-1B7EA2FB6473}"
EndProject
Project("{FAE04EC0-301F-11D3-BF4B-00C04F79EFBC}") = "PHM.Math.Words.Tests", "PHM.Math.Words.Tests\PHM.Math.Words.Tests.csproj", "{1C4ED0B9-D7C7-4754-A6F7-3DC1CEBCFEA1}"
EndProject
Project("{2150E333-8FDC-42A3-9474-1A3956D46DE8}") = "Android", "Android", "{03B110ED-C18A-45F1-AC9E-47B82DCB3A50}"
EndProject
Project("{2150E333-8FDC-42A3-9474-1A3956D46DE8}") = "Xamarin", "Xamarin", "{843F7F59-EE4E-4F78-9098-70D4F5AE5999}"
EndProject
Global
	GlobalSection(SolutionConfigurationPlatforms) = preSolution
		Ad-Hoc|Any CPU = Ad-Hoc|Any CPU
		Ad-Hoc|ARM = Ad-Hoc|ARM
		Ad-Hoc|iPhone = Ad-Hoc|iPhone
		Ad-Hoc|iPhoneSimulator = Ad-Hoc|iPhoneSimulator
		Ad-Hoc|x64 = Ad-Hoc|x64
		Ad-Hoc|x86 = Ad-Hoc|x86
		AppStore|Any CPU = AppStore|Any CPU
		AppStore|ARM = AppStore|ARM
		AppStore|iPhone = AppStore|iPhone
		AppStore|iPhoneSimulator = AppStore|iPhoneSimulator
		AppStore|x64 = AppStore|x64
		AppStore|x86 = AppStore|x86
		Debug|Any CPU = Debug|Any CPU
		Debug|ARM = Debug|ARM
		Debug|iPhone = Debug|iPhone
		Debug|iPhoneSimulator = Debug|iPhoneSimulator
		Debug|x64 = Debug|x64
		Debug|x86 = Debug|x86
		Release|Any CPU = Release|Any CPU
		Release|ARM = Release|ARM
		Release|iPhone = Release|iPhone
		Release|iPhoneSimulator = Release|iPhoneSimulator
		Release|x64 = Release|x64
		Release|x86 = Release|x86
	EndGlobalSection
	GlobalSection(ProjectConfigurationPlatforms) = postSolution
		{776B05A6-DF7B-4BEC-83E4-A0A029EACEDA}.Ad-Hoc|Any CPU.ActiveCfg = Release|Any CPU
		{776B05A6-DF7B-4BEC-83E4-A0A029EACEDA}.Ad-Hoc|Any CPU.Build.0 = Release|Any CPU
		{776B05A6-DF7B-4BEC-83E4-A0A029EACEDA}.Ad-Hoc|ARM.ActiveCfg = Release|Any CPU
		{776B05A6-DF7B-4BEC-83E4-A0A029EACEDA}.Ad-Hoc|ARM.Build.0 = Release|Any CPU
		{776B05A6-DF7B-4BEC-83E4-A0A029EACEDA}.Ad-Hoc|iPhone.ActiveCfg = Release|Any CPU
		{776B05A6-DF7B-4BEC-83E4-A0A029EACEDA}.Ad-Hoc|iPhone.Build.0 = Release|Any CPU
		{776B05A6-DF7B-4BEC-83E4-A0A029EACEDA}.Ad-Hoc|iPhoneSimulator.ActiveCfg = Release|Any CPU
		{776B05A6-DF7B-4BEC-83E4-A0A029EACEDA}.Ad-Hoc|iPhoneSimulator.Build.0 = Release|Any CPU
		{776B05A6-DF7B-4BEC-83E4-A0A029EACEDA}.Ad-Hoc|x64.ActiveCfg = Release|Any CPU
		{776B05A6-DF7B-4BEC-83E4-A0A029EACEDA}.Ad-Hoc|x64.Build.0 = Release|Any CPU
		{776B05A6-DF7B-4BEC-83E4-A0A029EACEDA}.Ad-Hoc|x86.ActiveCfg = Release|Any CPU
		{776B05A6-DF7B-4BEC-83E4-A0A029EACEDA}.Ad-Hoc|x86.Build.0 = Release|Any CPU
		{776B05A6-DF7B-4BEC-83E4-A0A029EACEDA}.AppStore|Any CPU.ActiveCfg = Release|Any CPU
		{776B05A6-DF7B-4BEC-83E4-A0A029EACEDA}.AppStore|Any CPU.Build.0 = Release|Any CPU
		{776B05A6-DF7B-4BEC-83E4-A0A029EACEDA}.AppStore|ARM.ActiveCfg = Release|Any CPU
		{776B05A6-DF7B-4BEC-83E4-A0A029EACEDA}.AppStore|ARM.Build.0 = Release|Any CPU
		{776B05A6-DF7B-4BEC-83E4-A0A029EACEDA}.AppStore|iPhone.ActiveCfg = Release|Any CPU
		{776B05A6-DF7B-4BEC-83E4-A0A029EACEDA}.AppStore|iPhone.Build.0 = Release|Any CPU
		{776B05A6-DF7B-4BEC-83E4-A0A029EACEDA}.AppStore|iPhoneSimulator.ActiveCfg = Release|Any CPU
		{776B05A6-DF7B-4BEC-83E4-A0A029EACEDA}.AppStore|iPhoneSimulator.Build.0 = Release|Any CPU
		{776B05A6-DF7B-4BEC-83E4-A0A029EACEDA}.AppStore|x64.ActiveCfg = Release|Any CPU
		{776B05A6-DF7B-4BEC-83E4-A0A029EACEDA}.AppStore|x64.Build.0 = Release|Any CPU
		{776B05A6-DF7B-4BEC-83E4-A0A029EACEDA}.AppStore|x86.ActiveCfg = Release|Any CPU
		{776B05A6-DF7B-4BEC-83E4-A0A029EACEDA}.AppStore|x86.Build.0 = Release|Any CPU
		{776B05A6-DF7B-4BEC-83E4-A0A029EACEDA}.Debug|Any CPU.ActiveCfg = Debug|Any CPU
		{776B05A6-DF7B-4BEC-83E4-A0A029EACEDA}.Debug|Any CPU.Build.0 = Debug|Any CPU
		{776B05A6-DF7B-4BEC-83E4-A0A029EACEDA}.Debug|ARM.ActiveCfg = Debug|Any CPU
		{776B05A6-DF7B-4BEC-83E4-A0A029EACEDA}.Debug|ARM.Build.0 = Debug|Any CPU
		{776B05A6-DF7B-4BEC-83E4-A0A029EACEDA}.Debug|iPhone.ActiveCfg = Debug|Any CPU
		{776B05A6-DF7B-4BEC-83E4-A0A029EACEDA}.Debug|iPhone.Build.0 = Debug|Any CPU
		{776B05A6-DF7B-4BEC-83E4-A0A029EACEDA}.Debug|iPhoneSimulator.ActiveCfg = Debug|Any CPU
		{776B05A6-DF7B-4BEC-83E4-A0A029EACEDA}.Debug|iPhoneSimulator.Build.0 = Debug|Any CPU
		{776B05A6-DF7B-4BEC-83E4-A0A029EACEDA}.Debug|x64.ActiveCfg = Debug|Any CPU
		{776B05A6-DF7B-4BEC-83E4-A0A029EACEDA}.Debug|x64.Build.0 = Debug|Any CPU
		{776B05A6-DF7B-4BEC-83E4-A0A029EACEDA}.Debug|x86.ActiveCfg = Debug|Any CPU
		{776B05A6-DF7B-4BEC-83E4-A0A029EACEDA}.Debug|x86.Build.0 = Debug|Any CPU
		{776B05A6-DF7B-4BEC-83E4-A0A029EACEDA}.Release|Any CPU.ActiveCfg = Release|Any CPU
		{776B05A6-DF7B-4BEC-83E4-A0A029EACEDA}.Release|Any CPU.Build.0 = Release|Any CPU
		{776B05A6-DF7B-4BEC-83E4-A0A029EACEDA}.Release|ARM.ActiveCfg = Release|Any CPU
		{776B05A6-DF7B-4BEC-83E4-A0A029EACEDA}.Release|ARM.Build.0 = Release|Any CPU
		{776B05A6-DF7B-4BEC-83E4-A0A029EACEDA}.Release|iPhone.ActiveCfg = Release|Any CPU
		{776B05A6-DF7B-4BEC-83E4-A0A029EACEDA}.Release|iPhone.Build.0 = Release|Any CPU
		{776B05A6-DF7B-4BEC-83E4-A0A029EACEDA}.Release|iPhoneSimulator.ActiveCfg = Release|Any CPU
		{776B05A6-DF7B-4BEC-83E4-A0A029EACEDA}.Release|iPhoneSimulator.Build.0 = Release|Any CPU
		{776B05A6-DF7B-4BEC-83E4-A0A029EACEDA}.Release|x64.ActiveCfg = Release|Any CPU
		{776B05A6-DF7B-4BEC-83E4-A0A029EACEDA}.Release|x64.Build.0 = Release|Any CPU
		{776B05A6-DF7B-4BEC-83E4-A0A029EACEDA}.Release|x86.ActiveCfg = Release|Any CPU
		{776B05A6-DF7B-4BEC-83E4-A0A029EACEDA}.Release|x86.Build.0 = Release|Any CPU
		{75173411-1D6D-4165-9E25-F218F3D00AF5}.Ad-Hoc|Any CPU.ActiveCfg = Release|Any CPU
		{75173411-1D6D-4165-9E25-F218F3D00AF5}.Ad-Hoc|Any CPU.Build.0 = Release|Any CPU
		{75173411-1D6D-4165-9E25-F218F3D00AF5}.Ad-Hoc|Any CPU.Deploy.0 = Release|Any CPU
		{75173411-1D6D-4165-9E25-F218F3D00AF5}.Ad-Hoc|ARM.ActiveCfg = Release|Any CPU
		{75173411-1D6D-4165-9E25-F218F3D00AF5}.Ad-Hoc|ARM.Build.0 = Release|Any CPU
		{75173411-1D6D-4165-9E25-F218F3D00AF5}.Ad-Hoc|ARM.Deploy.0 = Release|Any CPU
		{75173411-1D6D-4165-9E25-F218F3D00AF5}.Ad-Hoc|iPhone.ActiveCfg = Release|Any CPU
		{75173411-1D6D-4165-9E25-F218F3D00AF5}.Ad-Hoc|iPhone.Build.0 = Release|Any CPU
		{75173411-1D6D-4165-9E25-F218F3D00AF5}.Ad-Hoc|iPhone.Deploy.0 = Release|Any CPU
		{75173411-1D6D-4165-9E25-F218F3D00AF5}.Ad-Hoc|iPhoneSimulator.ActiveCfg = Release|Any CPU
		{75173411-1D6D-4165-9E25-F218F3D00AF5}.Ad-Hoc|iPhoneSimulator.Build.0 = Release|Any CPU
		{75173411-1D6D-4165-9E25-F218F3D00AF5}.Ad-Hoc|iPhoneSimulator.Deploy.0 = Release|Any CPU
		{75173411-1D6D-4165-9E25-F218F3D00AF5}.Ad-Hoc|x64.ActiveCfg = Release|Any CPU
		{75173411-1D6D-4165-9E25-F218F3D00AF5}.Ad-Hoc|x64.Build.0 = Release|Any CPU
		{75173411-1D6D-4165-9E25-F218F3D00AF5}.Ad-Hoc|x64.Deploy.0 = Release|Any CPU
		{75173411-1D6D-4165-9E25-F218F3D00AF5}.Ad-Hoc|x86.ActiveCfg = Release|Any CPU
		{75173411-1D6D-4165-9E25-F218F3D00AF5}.Ad-Hoc|x86.Build.0 = Release|Any CPU
		{75173411-1D6D-4165-9E25-F218F3D00AF5}.Ad-Hoc|x86.Deploy.0 = Release|Any CPU
		{75173411-1D6D-4165-9E25-F218F3D00AF5}.AppStore|Any CPU.ActiveCfg = Release|Any CPU
		{75173411-1D6D-4165-9E25-F218F3D00AF5}.AppStore|Any CPU.Build.0 = Release|Any CPU
		{75173411-1D6D-4165-9E25-F218F3D00AF5}.AppStore|Any CPU.Deploy.0 = Release|Any CPU
		{75173411-1D6D-4165-9E25-F218F3D00AF5}.AppStore|ARM.ActiveCfg = Release|Any CPU
		{75173411-1D6D-4165-9E25-F218F3D00AF5}.AppStore|ARM.Build.0 = Release|Any CPU
		{75173411-1D6D-4165-9E25-F218F3D00AF5}.AppStore|ARM.Deploy.0 = Release|Any CPU
		{75173411-1D6D-4165-9E25-F218F3D00AF5}.AppStore|iPhone.ActiveCfg = Release|Any CPU
		{75173411-1D6D-4165-9E25-F218F3D00AF5}.AppStore|iPhone.Build.0 = Release|Any CPU
		{75173411-1D6D-4165-9E25-F218F3D00AF5}.AppStore|iPhone.Deploy.0 = Release|Any CPU
		{75173411-1D6D-4165-9E25-F218F3D00AF5}.AppStore|iPhoneSimulator.ActiveCfg = Release|Any CPU
		{75173411-1D6D-4165-9E25-F218F3D00AF5}.AppStore|iPhoneSimulator.Build.0 = Release|Any CPU
		{75173411-1D6D-4165-9E25-F218F3D00AF5}.AppStore|iPhoneSimulator.Deploy.0 = Release|Any CPU
		{75173411-1D6D-4165-9E25-F218F3D00AF5}.AppStore|x64.ActiveCfg = Release|Any CPU
		{75173411-1D6D-4165-9E25-F218F3D00AF5}.AppStore|x64.Build.0 = Release|Any CPU
		{75173411-1D6D-4165-9E25-F218F3D00AF5}.AppStore|x64.Deploy.0 = Release|Any CPU
		{75173411-1D6D-4165-9E25-F218F3D00AF5}.AppStore|x86.ActiveCfg = Release|Any CPU
		{75173411-1D6D-4165-9E25-F218F3D00AF5}.AppStore|x86.Build.0 = Release|Any CPU
		{75173411-1D6D-4165-9E25-F218F3D00AF5}.AppStore|x86.Deploy.0 = Release|Any CPU
		{75173411-1D6D-4165-9E25-F218F3D00AF5}.Debug|Any CPU.ActiveCfg = Debug|Any CPU
		{75173411-1D6D-4165-9E25-F218F3D00AF5}.Debug|Any CPU.Build.0 = Debug|Any CPU
		{75173411-1D6D-4165-9E25-F218F3D00AF5}.Debug|Any CPU.Deploy.0 = Debug|Any CPU
		{75173411-1D6D-4165-9E25-F218F3D00AF5}.Debug|ARM.ActiveCfg = Debug|Any CPU
		{75173411-1D6D-4165-9E25-F218F3D00AF5}.Debug|ARM.Build.0 = Debug|Any CPU
		{75173411-1D6D-4165-9E25-F218F3D00AF5}.Debug|ARM.Deploy.0 = Debug|Any CPU
		{75173411-1D6D-4165-9E25-F218F3D00AF5}.Debug|iPhone.ActiveCfg = Debug|Any CPU
		{75173411-1D6D-4165-9E25-F218F3D00AF5}.Debug|iPhone.Build.0 = Debug|Any CPU
		{75173411-1D6D-4165-9E25-F218F3D00AF5}.Debug|iPhone.Deploy.0 = Debug|Any CPU
		{75173411-1D6D-4165-9E25-F218F3D00AF5}.Debug|iPhoneSimulator.ActiveCfg = Debug|Any CPU
		{75173411-1D6D-4165-9E25-F218F3D00AF5}.Debug|iPhoneSimulator.Build.0 = Debug|Any CPU
		{75173411-1D6D-4165-9E25-F218F3D00AF5}.Debug|iPhoneSimulator.Deploy.0 = Debug|Any CPU
		{75173411-1D6D-4165-9E25-F218F3D00AF5}.Debug|x64.ActiveCfg = Debug|Any CPU
		{75173411-1D6D-4165-9E25-F218F3D00AF5}.Debug|x64.Build.0 = Debug|Any CPU
		{75173411-1D6D-4165-9E25-F218F3D00AF5}.Debug|x64.Deploy.0 = Debug|Any CPU
		{75173411-1D6D-4165-9E25-F218F3D00AF5}.Debug|x86.ActiveCfg = Debug|Any CPU
		{75173411-1D6D-4165-9E25-F218F3D00AF5}.Debug|x86.Build.0 = Debug|Any CPU
		{75173411-1D6D-4165-9E25-F218F3D00AF5}.Debug|x86.Deploy.0 = Debug|Any CPU
		{75173411-1D6D-4165-9E25-F218F3D00AF5}.Release|Any CPU.ActiveCfg = Release|Any CPU
		{75173411-1D6D-4165-9E25-F218F3D00AF5}.Release|Any CPU.Build.0 = Release|Any CPU
		{75173411-1D6D-4165-9E25-F218F3D00AF5}.Release|Any CPU.Deploy.0 = Release|Any CPU
		{75173411-1D6D-4165-9E25-F218F3D00AF5}.Release|ARM.ActiveCfg = Release|Any CPU
		{75173411-1D6D-4165-9E25-F218F3D00AF5}.Release|ARM.Build.0 = Release|Any CPU
		{75173411-1D6D-4165-9E25-F218F3D00AF5}.Release|ARM.Deploy.0 = Release|Any CPU
		{75173411-1D6D-4165-9E25-F218F3D00AF5}.Release|iPhone.ActiveCfg = Release|Any CPU
		{75173411-1D6D-4165-9E25-F218F3D00AF5}.Release|iPhone.Build.0 = Release|Any CPU
		{75173411-1D6D-4165-9E25-F218F3D00AF5}.Release|iPhone.Deploy.0 = Release|Any CPU
		{75173411-1D6D-4165-9E25-F218F3D00AF5}.Release|iPhoneSimulator.ActiveCfg = Release|Any CPU
		{75173411-1D6D-4165-9E25-F218F3D00AF5}.Release|iPhoneSimulator.Build.0 = Release|Any CPU
		{75173411-1D6D-4165-9E25-F218F3D00AF5}.Release|iPhoneSimulator.Deploy.0 = Release|Any CPU
		{75173411-1D6D-4165-9E25-F218F3D00AF5}.Release|x64.ActiveCfg = Release|Any CPU
		{75173411-1D6D-4165-9E25-F218F3D00AF5}.Release|x64.Build.0 = Release|Any CPU
		{75173411-1D6D-4165-9E25-F218F3D00AF5}.Release|x64.Deploy.0 = Release|Any CPU
		{75173411-1D6D-4165-9E25-F218F3D00AF5}.Release|x86.ActiveCfg = Release|Any CPU
		{75173411-1D6D-4165-9E25-F218F3D00AF5}.Release|x86.Build.0 = Release|Any CPU
		{75173411-1D6D-4165-9E25-F218F3D00AF5}.Release|x86.Deploy.0 = Release|Any CPU
		{2671976B-E1E5-4F0A-997C-FE32053E309A}.Ad-Hoc|Any CPU.ActiveCfg = Release|Any CPU
		{2671976B-E1E5-4F0A-997C-FE32053E309A}.Ad-Hoc|Any CPU.Build.0 = Release|Any CPU
		{2671976B-E1E5-4F0A-997C-FE32053E309A}.Ad-Hoc|Any CPU.Deploy.0 = Release|Any CPU
		{2671976B-E1E5-4F0A-997C-FE32053E309A}.Ad-Hoc|ARM.ActiveCfg = Release|ARM
		{2671976B-E1E5-4F0A-997C-FE32053E309A}.Ad-Hoc|ARM.Build.0 = Release|ARM
		{2671976B-E1E5-4F0A-997C-FE32053E309A}.Ad-Hoc|ARM.Deploy.0 = Release|ARM
		{2671976B-E1E5-4F0A-997C-FE32053E309A}.Ad-Hoc|iPhone.ActiveCfg = Release|Any CPU
		{2671976B-E1E5-4F0A-997C-FE32053E309A}.Ad-Hoc|iPhone.Build.0 = Release|Any CPU
		{2671976B-E1E5-4F0A-997C-FE32053E309A}.Ad-Hoc|iPhone.Deploy.0 = Release|Any CPU
		{2671976B-E1E5-4F0A-997C-FE32053E309A}.Ad-Hoc|iPhoneSimulator.ActiveCfg = Release|Any CPU
		{2671976B-E1E5-4F0A-997C-FE32053E309A}.Ad-Hoc|iPhoneSimulator.Build.0 = Release|Any CPU
		{2671976B-E1E5-4F0A-997C-FE32053E309A}.Ad-Hoc|iPhoneSimulator.Deploy.0 = Release|Any CPU
		{2671976B-E1E5-4F0A-997C-FE32053E309A}.Ad-Hoc|x64.ActiveCfg = Release|x64
		{2671976B-E1E5-4F0A-997C-FE32053E309A}.Ad-Hoc|x64.Build.0 = Release|x64
		{2671976B-E1E5-4F0A-997C-FE32053E309A}.Ad-Hoc|x64.Deploy.0 = Release|x64
		{2671976B-E1E5-4F0A-997C-FE32053E309A}.Ad-Hoc|x86.ActiveCfg = Release|x86
		{2671976B-E1E5-4F0A-997C-FE32053E309A}.Ad-Hoc|x86.Build.0 = Release|x86
		{2671976B-E1E5-4F0A-997C-FE32053E309A}.Ad-Hoc|x86.Deploy.0 = Release|x86
		{2671976B-E1E5-4F0A-997C-FE32053E309A}.AppStore|Any CPU.ActiveCfg = Release|Any CPU
		{2671976B-E1E5-4F0A-997C-FE32053E309A}.AppStore|Any CPU.Build.0 = Release|Any CPU
		{2671976B-E1E5-4F0A-997C-FE32053E309A}.AppStore|Any CPU.Deploy.0 = Release|Any CPU
		{2671976B-E1E5-4F0A-997C-FE32053E309A}.AppStore|ARM.ActiveCfg = Release|ARM
		{2671976B-E1E5-4F0A-997C-FE32053E309A}.AppStore|ARM.Build.0 = Release|ARM
		{2671976B-E1E5-4F0A-997C-FE32053E309A}.AppStore|ARM.Deploy.0 = Release|ARM
		{2671976B-E1E5-4F0A-997C-FE32053E309A}.AppStore|iPhone.ActiveCfg = Release|Any CPU
		{2671976B-E1E5-4F0A-997C-FE32053E309A}.AppStore|iPhone.Build.0 = Release|Any CPU
		{2671976B-E1E5-4F0A-997C-FE32053E309A}.AppStore|iPhone.Deploy.0 = Release|Any CPU
		{2671976B-E1E5-4F0A-997C-FE32053E309A}.AppStore|iPhoneSimulator.ActiveCfg = Release|Any CPU
		{2671976B-E1E5-4F0A-997C-FE32053E309A}.AppStore|iPhoneSimulator.Build.0 = Release|Any CPU
		{2671976B-E1E5-4F0A-997C-FE32053E309A}.AppStore|iPhoneSimulator.Deploy.0 = Release|Any CPU
		{2671976B-E1E5-4F0A-997C-FE32053E309A}.AppStore|x64.ActiveCfg = Release|x64
		{2671976B-E1E5-4F0A-997C-FE32053E309A}.AppStore|x64.Build.0 = Release|x64
		{2671976B-E1E5-4F0A-997C-FE32053E309A}.AppStore|x64.Deploy.0 = Release|x64
		{2671976B-E1E5-4F0A-997C-FE32053E309A}.AppStore|x86.ActiveCfg = Release|x86
		{2671976B-E1E5-4F0A-997C-FE32053E309A}.AppStore|x86.Build.0 = Release|x86
		{2671976B-E1E5-4F0A-997C-FE32053E309A}.AppStore|x86.Deploy.0 = Release|x86
		{2671976B-E1E5-4F0A-997C-FE32053E309A}.Debug|Any CPU.ActiveCfg = Debug|Any CPU
		{2671976B-E1E5-4F0A-997C-FE32053E309A}.Debug|Any CPU.Build.0 = Debug|Any CPU
		{2671976B-E1E5-4F0A-997C-FE32053E309A}.Debug|Any CPU.Deploy.0 = Debug|Any CPU
		{2671976B-E1E5-4F0A-997C-FE32053E309A}.Debug|ARM.ActiveCfg = Debug|ARM
		{2671976B-E1E5-4F0A-997C-FE32053E309A}.Debug|ARM.Build.0 = Debug|ARM
		{2671976B-E1E5-4F0A-997C-FE32053E309A}.Debug|ARM.Deploy.0 = Debug|ARM
		{2671976B-E1E5-4F0A-997C-FE32053E309A}.Debug|iPhone.ActiveCfg = Debug|Any CPU
		{2671976B-E1E5-4F0A-997C-FE32053E309A}.Debug|iPhone.Build.0 = Debug|Any CPU
		{2671976B-E1E5-4F0A-997C-FE32053E309A}.Debug|iPhone.Deploy.0 = Debug|Any CPU
		{2671976B-E1E5-4F0A-997C-FE32053E309A}.Debug|iPhoneSimulator.ActiveCfg = Debug|Any CPU
		{2671976B-E1E5-4F0A-997C-FE32053E309A}.Debug|iPhoneSimulator.Build.0 = Debug|Any CPU
		{2671976B-E1E5-4F0A-997C-FE32053E309A}.Debug|iPhoneSimulator.Deploy.0 = Debug|Any CPU
		{2671976B-E1E5-4F0A-997C-FE32053E309A}.Debug|x64.ActiveCfg = Debug|x64
		{2671976B-E1E5-4F0A-997C-FE32053E309A}.Debug|x64.Build.0 = Debug|x64
		{2671976B-E1E5-4F0A-997C-FE32053E309A}.Debug|x64.Deploy.0 = Debug|x64
		{2671976B-E1E5-4F0A-997C-FE32053E309A}.Debug|x86.ActiveCfg = Debug|x86
		{2671976B-E1E5-4F0A-997C-FE32053E309A}.Debug|x86.Build.0 = Debug|x86
		{2671976B-E1E5-4F0A-997C-FE32053E309A}.Debug|x86.Deploy.0 = Debug|x86
		{2671976B-E1E5-4F0A-997C-FE32053E309A}.Release|Any CPU.ActiveCfg = Release|Any CPU
		{2671976B-E1E5-4F0A-997C-FE32053E309A}.Release|Any CPU.Build.0 = Release|Any CPU
		{2671976B-E1E5-4F0A-997C-FE32053E309A}.Release|Any CPU.Deploy.0 = Release|Any CPU
		{2671976B-E1E5-4F0A-997C-FE32053E309A}.Release|ARM.ActiveCfg = Release|ARM
		{2671976B-E1E5-4F0A-997C-FE32053E309A}.Release|ARM.Build.0 = Release|ARM
		{2671976B-E1E5-4F0A-997C-FE32053E309A}.Release|ARM.Deploy.0 = Release|ARM
		{2671976B-E1E5-4F0A-997C-FE32053E309A}.Release|iPhone.ActiveCfg = Release|Any CPU
		{2671976B-E1E5-4F0A-997C-FE32053E309A}.Release|iPhone.Build.0 = Release|Any CPU
		{2671976B-E1E5-4F0A-997C-FE32053E309A}.Release|iPhone.Deploy.0 = Release|Any CPU
		{2671976B-E1E5-4F0A-997C-FE32053E309A}.Release|iPhoneSimulator.ActiveCfg = Release|Any CPU
		{2671976B-E1E5-4F0A-997C-FE32053E309A}.Release|iPhoneSimulator.Build.0 = Release|Any CPU
		{2671976B-E1E5-4F0A-997C-FE32053E309A}.Release|iPhoneSimulator.Deploy.0 = Release|Any CPU
		{2671976B-E1E5-4F0A-997C-FE32053E309A}.Release|x64.ActiveCfg = Release|x64
		{2671976B-E1E5-4F0A-997C-FE32053E309A}.Release|x64.Build.0 = Release|x64
		{2671976B-E1E5-4F0A-997C-FE32053E309A}.Release|x64.Deploy.0 = Release|x64
		{2671976B-E1E5-4F0A-997C-FE32053E309A}.Release|x86.ActiveCfg = Release|x86
		{2671976B-E1E5-4F0A-997C-FE32053E309A}.Release|x86.Build.0 = Release|x86
		{2671976B-E1E5-4F0A-997C-FE32053E309A}.Release|x86.Deploy.0 = Release|x86
		{8E6F224E-55E3-4827-B414-082ADCC97C19}.Ad-Hoc|Any CPU.ActiveCfg = Release|Any CPU
		{8E6F224E-55E3-4827-B414-082ADCC97C19}.Ad-Hoc|Any CPU.Build.0 = Release|Any CPU
		{8E6F224E-55E3-4827-B414-082ADCC97C19}.Ad-Hoc|ARM.ActiveCfg = Release|Any CPU
		{8E6F224E-55E3-4827-B414-082ADCC97C19}.Ad-Hoc|ARM.Build.0 = Release|Any CPU
		{8E6F224E-55E3-4827-B414-082ADCC97C19}.Ad-Hoc|iPhone.ActiveCfg = Release|Any CPU
		{8E6F224E-55E3-4827-B414-082ADCC97C19}.Ad-Hoc|iPhone.Build.0 = Release|Any CPU
		{8E6F224E-55E3-4827-B414-082ADCC97C19}.Ad-Hoc|iPhoneSimulator.ActiveCfg = Release|Any CPU
		{8E6F224E-55E3-4827-B414-082ADCC97C19}.Ad-Hoc|iPhoneSimulator.Build.0 = Release|Any CPU
		{8E6F224E-55E3-4827-B414-082ADCC97C19}.Ad-Hoc|x64.ActiveCfg = Release|Any CPU
		{8E6F224E-55E3-4827-B414-082ADCC97C19}.Ad-Hoc|x64.Build.0 = Release|Any CPU
		{8E6F224E-55E3-4827-B414-082ADCC97C19}.Ad-Hoc|x86.ActiveCfg = Release|Any CPU
		{8E6F224E-55E3-4827-B414-082ADCC97C19}.Ad-Hoc|x86.Build.0 = Release|Any CPU
		{8E6F224E-55E3-4827-B414-082ADCC97C19}.AppStore|Any CPU.ActiveCfg = Release|Any CPU
		{8E6F224E-55E3-4827-B414-082ADCC97C19}.AppStore|Any CPU.Build.0 = Release|Any CPU
		{8E6F224E-55E3-4827-B414-082ADCC97C19}.AppStore|ARM.ActiveCfg = Release|Any CPU
		{8E6F224E-55E3-4827-B414-082ADCC97C19}.AppStore|ARM.Build.0 = Release|Any CPU
		{8E6F224E-55E3-4827-B414-082ADCC97C19}.AppStore|iPhone.ActiveCfg = Release|Any CPU
		{8E6F224E-55E3-4827-B414-082ADCC97C19}.AppStore|iPhone.Build.0 = Release|Any CPU
		{8E6F224E-55E3-4827-B414-082ADCC97C19}.AppStore|iPhoneSimulator.ActiveCfg = Release|Any CPU
		{8E6F224E-55E3-4827-B414-082ADCC97C19}.AppStore|iPhoneSimulator.Build.0 = Release|Any CPU
		{8E6F224E-55E3-4827-B414-082ADCC97C19}.AppStore|x64.ActiveCfg = Release|Any CPU
		{8E6F224E-55E3-4827-B414-082ADCC97C19}.AppStore|x64.Build.0 = Release|Any CPU
		{8E6F224E-55E3-4827-B414-082ADCC97C19}.AppStore|x86.ActiveCfg = Release|Any CPU
		{8E6F224E-55E3-4827-B414-082ADCC97C19}.AppStore|x86.Build.0 = Release|Any CPU
		{8E6F224E-55E3-4827-B414-082ADCC97C19}.Debug|Any CPU.ActiveCfg = Debug|Any CPU
		{8E6F224E-55E3-4827-B414-082ADCC97C19}.Debug|Any CPU.Build.0 = Debug|Any CPU
		{8E6F224E-55E3-4827-B414-082ADCC97C19}.Debug|ARM.ActiveCfg = Debug|Any CPU
		{8E6F224E-55E3-4827-B414-082ADCC97C19}.Debug|ARM.Build.0 = Debug|Any CPU
		{8E6F224E-55E3-4827-B414-082ADCC97C19}.Debug|iPhone.ActiveCfg = Debug|Any CPU
		{8E6F224E-55E3-4827-B414-082ADCC97C19}.Debug|iPhone.Build.0 = Debug|Any CPU
		{8E6F224E-55E3-4827-B414-082ADCC97C19}.Debug|iPhoneSimulator.ActiveCfg = Debug|Any CPU
		{8E6F224E-55E3-4827-B414-082ADCC97C19}.Debug|iPhoneSimulator.Build.0 = Debug|Any CPU
		{8E6F224E-55E3-4827-B414-082ADCC97C19}.Debug|x64.ActiveCfg = Debug|Any CPU
		{8E6F224E-55E3-4827-B414-082ADCC97C19}.Debug|x64.Build.0 = Debug|Any CPU
		{8E6F224E-55E3-4827-B414-082ADCC97C19}.Debug|x86.ActiveCfg = Debug|Any CPU
		{8E6F224E-55E3-4827-B414-082ADCC97C19}.Debug|x86.Build.0 = Debug|Any CPU
		{8E6F224E-55E3-4827-B414-082ADCC97C19}.Release|Any CPU.ActiveCfg = Release|Any CPU
		{8E6F224E-55E3-4827-B414-082ADCC97C19}.Release|Any CPU.Build.0 = Release|Any CPU
		{8E6F224E-55E3-4827-B414-082ADCC97C19}.Release|ARM.ActiveCfg = Release|Any CPU
		{8E6F224E-55E3-4827-B414-082ADCC97C19}.Release|ARM.Build.0 = Release|Any CPU
		{8E6F224E-55E3-4827-B414-082ADCC97C19}.Release|iPhone.ActiveCfg = Release|Any CPU
		{8E6F224E-55E3-4827-B414-082ADCC97C19}.Release|iPhone.Build.0 = Release|Any CPU
		{8E6F224E-55E3-4827-B414-082ADCC97C19}.Release|iPhoneSimulator.ActiveCfg = Release|Any CPU
		{8E6F224E-55E3-4827-B414-082ADCC97C19}.Release|iPhoneSimulator.Build.0 = Release|Any CPU
		{8E6F224E-55E3-4827-B414-082ADCC97C19}.Release|x64.ActiveCfg = Release|Any CPU
		{8E6F224E-55E3-4827-B414-082ADCC97C19}.Release|x64.Build.0 = Release|Any CPU
		{8E6F224E-55E3-4827-B414-082ADCC97C19}.Release|x86.ActiveCfg = Release|Any CPU
		{8E6F224E-55E3-4827-B414-082ADCC97C19}.Release|x86.Build.0 = Release|Any CPU
		{08EBD10D-1F07-4091-830C-18077B320F46}.Ad-Hoc|Any CPU.ActiveCfg = Release|Any CPU
		{08EBD10D-1F07-4091-830C-18077B320F46}.Ad-Hoc|Any CPU.Build.0 = Release|Any CPU
		{08EBD10D-1F07-4091-830C-18077B320F46}.Ad-Hoc|ARM.ActiveCfg = Release|Any CPU
		{08EBD10D-1F07-4091-830C-18077B320F46}.Ad-Hoc|ARM.Build.0 = Release|Any CPU
		{08EBD10D-1F07-4091-830C-18077B320F46}.Ad-Hoc|iPhone.ActiveCfg = Release|Any CPU
		{08EBD10D-1F07-4091-830C-18077B320F46}.Ad-Hoc|iPhone.Build.0 = Release|Any CPU
		{08EBD10D-1F07-4091-830C-18077B320F46}.Ad-Hoc|iPhoneSimulator.ActiveCfg = Release|Any CPU
		{08EBD10D-1F07-4091-830C-18077B320F46}.Ad-Hoc|iPhoneSimulator.Build.0 = Release|Any CPU
		{08EBD10D-1F07-4091-830C-18077B320F46}.Ad-Hoc|x64.ActiveCfg = Release|Any CPU
		{08EBD10D-1F07-4091-830C-18077B320F46}.Ad-Hoc|x64.Build.0 = Release|Any CPU
		{08EBD10D-1F07-4091-830C-18077B320F46}.Ad-Hoc|x86.ActiveCfg = Release|Any CPU
		{08EBD10D-1F07-4091-830C-18077B320F46}.Ad-Hoc|x86.Build.0 = Release|Any CPU
		{08EBD10D-1F07-4091-830C-18077B320F46}.AppStore|Any CPU.ActiveCfg = Release|Any CPU
		{08EBD10D-1F07-4091-830C-18077B320F46}.AppStore|Any CPU.Build.0 = Release|Any CPU
		{08EBD10D-1F07-4091-830C-18077B320F46}.AppStore|ARM.ActiveCfg = Release|Any CPU
		{08EBD10D-1F07-4091-830C-18077B320F46}.AppStore|ARM.Build.0 = Release|Any CPU
		{08EBD10D-1F07-4091-830C-18077B320F46}.AppStore|iPhone.ActiveCfg = Release|Any CPU
		{08EBD10D-1F07-4091-830C-18077B320F46}.AppStore|iPhone.Build.0 = Release|Any CPU
		{08EBD10D-1F07-4091-830C-18077B320F46}.AppStore|iPhoneSimulator.ActiveCfg = Release|Any CPU
		{08EBD10D-1F07-4091-830C-18077B320F46}.AppStore|iPhoneSimulator.Build.0 = Release|Any CPU
		{08EBD10D-1F07-4091-830C-18077B320F46}.AppStore|x64.ActiveCfg = Release|Any CPU
		{08EBD10D-1F07-4091-830C-18077B320F46}.AppStore|x64.Build.0 = Release|Any CPU
		{08EBD10D-1F07-4091-830C-18077B320F46}.AppStore|x86.ActiveCfg = Release|Any CPU
		{08EBD10D-1F07-4091-830C-18077B320F46}.AppStore|x86.Build.0 = Release|Any CPU
		{08EBD10D-1F07-4091-830C-18077B320F46}.Debug|Any CPU.ActiveCfg = Debug|Any CPU
		{08EBD10D-1F07-4091-830C-18077B320F46}.Debug|Any CPU.Build.0 = Debug|Any CPU
		{08EBD10D-1F07-4091-830C-18077B320F46}.Debug|ARM.ActiveCfg = Debug|Any CPU
		{08EBD10D-1F07-4091-830C-18077B320F46}.Debug|ARM.Build.0 = Debug|Any CPU
		{08EBD10D-1F07-4091-830C-18077B320F46}.Debug|iPhone.ActiveCfg = Debug|Any CPU
		{08EBD10D-1F07-4091-830C-18077B320F46}.Debug|iPhone.Build.0 = Debug|Any CPU
		{08EBD10D-1F07-4091-830C-18077B320F46}.Debug|iPhoneSimulator.ActiveCfg = Debug|Any CPU
		{08EBD10D-1F07-4091-830C-18077B320F46}.Debug|iPhoneSimulator.Build.0 = Debug|Any CPU
		{08EBD10D-1F07-4091-830C-18077B320F46}.Debug|x64.ActiveCfg = Debug|Any CPU
		{08EBD10D-1F07-4091-830C-18077B320F46}.Debug|x64.Build.0 = Debug|Any CPU
		{08EBD10D-1F07-4091-830C-18077B320F46}.Debug|x86.ActiveCfg = Debug|Any CPU
		{08EBD10D-1F07-4091-830C-18077B320F46}.Debug|x86.Build.0 = Debug|Any CPU
		{08EBD10D-1F07-4091-830C-18077B320F46}.Release|Any CPU.ActiveCfg = Release|Any CPU
		{08EBD10D-1F07-4091-830C-18077B320F46}.Release|Any CPU.Build.0 = Release|Any CPU
		{08EBD10D-1F07-4091-830C-18077B320F46}.Release|ARM.ActiveCfg = Release|Any CPU
		{08EBD10D-1F07-4091-830C-18077B320F46}.Release|ARM.Build.0 = Release|Any CPU
		{08EBD10D-1F07-4091-830C-18077B320F46}.Release|iPhone.ActiveCfg = Release|Any CPU
		{08EBD10D-1F07-4091-830C-18077B320F46}.Release|iPhone.Build.0 = Release|Any CPU
		{08EBD10D-1F07-4091-830C-18077B320F46}.Release|iPhoneSimulator.ActiveCfg = Release|Any CPU
		{08EBD10D-1F07-4091-830C-18077B320F46}.Release|iPhoneSimulator.Build.0 = Release|Any CPU
		{08EBD10D-1F07-4091-830C-18077B320F46}.Release|x64.ActiveCfg = Release|Any CPU
		{08EBD10D-1F07-4091-830C-18077B320F46}.Release|x64.Build.0 = Release|Any CPU
		{08EBD10D-1F07-4091-830C-18077B320F46}.Release|x86.ActiveCfg = Release|Any CPU
		{08EBD10D-1F07-4091-830C-18077B320F46}.Release|x86.Build.0 = Release|Any CPU
		{3C511FA6-A10A-4BBB-8A0E-912EEFE47882}.Ad-Hoc|Any CPU.ActiveCfg = Release|Any CPU
		{3C511FA6-A10A-4BBB-8A0E-912EEFE47882}.Ad-Hoc|Any CPU.Build.0 = Release|Any CPU
		{3C511FA6-A10A-4BBB-8A0E-912EEFE47882}.Ad-Hoc|ARM.ActiveCfg = Release|Any CPU
		{3C511FA6-A10A-4BBB-8A0E-912EEFE47882}.Ad-Hoc|ARM.Build.0 = Release|Any CPU
		{3C511FA6-A10A-4BBB-8A0E-912EEFE47882}.Ad-Hoc|iPhone.ActiveCfg = Release|Any CPU
		{3C511FA6-A10A-4BBB-8A0E-912EEFE47882}.Ad-Hoc|iPhone.Build.0 = Release|Any CPU
		{3C511FA6-A10A-4BBB-8A0E-912EEFE47882}.Ad-Hoc|iPhoneSimulator.ActiveCfg = Release|Any CPU
		{3C511FA6-A10A-4BBB-8A0E-912EEFE47882}.Ad-Hoc|iPhoneSimulator.Build.0 = Release|Any CPU
		{3C511FA6-A10A-4BBB-8A0E-912EEFE47882}.Ad-Hoc|x64.ActiveCfg = Release|Any CPU
		{3C511FA6-A10A-4BBB-8A0E-912EEFE47882}.Ad-Hoc|x64.Build.0 = Release|Any CPU
		{3C511FA6-A10A-4BBB-8A0E-912EEFE47882}.Ad-Hoc|x86.ActiveCfg = Release|Any CPU
		{3C511FA6-A10A-4BBB-8A0E-912EEFE47882}.Ad-Hoc|x86.Build.0 = Release|Any CPU
		{3C511FA6-A10A-4BBB-8A0E-912EEFE47882}.AppStore|Any CPU.ActiveCfg = Release|Any CPU
		{3C511FA6-A10A-4BBB-8A0E-912EEFE47882}.AppStore|Any CPU.Build.0 = Release|Any CPU
		{3C511FA6-A10A-4BBB-8A0E-912EEFE47882}.AppStore|ARM.ActiveCfg = Release|Any CPU
		{3C511FA6-A10A-4BBB-8A0E-912EEFE47882}.AppStore|ARM.Build.0 = Release|Any CPU
		{3C511FA6-A10A-4BBB-8A0E-912EEFE47882}.AppStore|iPhone.ActiveCfg = Release|Any CPU
		{3C511FA6-A10A-4BBB-8A0E-912EEFE47882}.AppStore|iPhone.Build.0 = Release|Any CPU
		{3C511FA6-A10A-4BBB-8A0E-912EEFE47882}.AppStore|iPhoneSimulator.ActiveCfg = Release|Any CPU
		{3C511FA6-A10A-4BBB-8A0E-912EEFE47882}.AppStore|iPhoneSimulator.Build.0 = Release|Any CPU
		{3C511FA6-A10A-4BBB-8A0E-912EEFE47882}.AppStore|x64.ActiveCfg = Release|Any CPU
		{3C511FA6-A10A-4BBB-8A0E-912EEFE47882}.AppStore|x64.Build.0 = Release|Any CPU
		{3C511FA6-A10A-4BBB-8A0E-912EEFE47882}.AppStore|x86.ActiveCfg = Release|Any CPU
		{3C511FA6-A10A-4BBB-8A0E-912EEFE47882}.AppStore|x86.Build.0 = Release|Any CPU
		{3C511FA6-A10A-4BBB-8A0E-912EEFE47882}.Debug|Any CPU.ActiveCfg = Debug|Any CPU
		{3C511FA6-A10A-4BBB-8A0E-912EEFE47882}.Debug|Any CPU.Build.0 = Debug|Any CPU
		{3C511FA6-A10A-4BBB-8A0E-912EEFE47882}.Debug|ARM.ActiveCfg = Debug|Any CPU
		{3C511FA6-A10A-4BBB-8A0E-912EEFE47882}.Debug|ARM.Build.0 = Debug|Any CPU
		{3C511FA6-A10A-4BBB-8A0E-912EEFE47882}.Debug|iPhone.ActiveCfg = Debug|Any CPU
		{3C511FA6-A10A-4BBB-8A0E-912EEFE47882}.Debug|iPhone.Build.0 = Debug|Any CPU
		{3C511FA6-A10A-4BBB-8A0E-912EEFE47882}.Debug|iPhoneSimulator.ActiveCfg = Debug|Any CPU
		{3C511FA6-A10A-4BBB-8A0E-912EEFE47882}.Debug|iPhoneSimulator.Build.0 = Debug|Any CPU
		{3C511FA6-A10A-4BBB-8A0E-912EEFE47882}.Debug|x64.ActiveCfg = Debug|Any CPU
		{3C511FA6-A10A-4BBB-8A0E-912EEFE47882}.Debug|x64.Build.0 = Debug|Any CPU
		{3C511FA6-A10A-4BBB-8A0E-912EEFE47882}.Debug|x86.ActiveCfg = Debug|Any CPU
		{3C511FA6-A10A-4BBB-8A0E-912EEFE47882}.Debug|x86.Build.0 = Debug|Any CPU
		{3C511FA6-A10A-4BBB-8A0E-912EEFE47882}.Release|Any CPU.ActiveCfg = Release|Any CPU
		{3C511FA6-A10A-4BBB-8A0E-912EEFE47882}.Release|Any CPU.Build.0 = Release|Any CPU
		{3C511FA6-A10A-4BBB-8A0E-912EEFE47882}.Release|ARM.ActiveCfg = Release|Any CPU
		{3C511FA6-A10A-4BBB-8A0E-912EEFE47882}.Release|ARM.Build.0 = Release|Any CPU
		{3C511FA6-A10A-4BBB-8A0E-912EEFE47882}.Release|iPhone.ActiveCfg = Release|Any CPU
		{3C511FA6-A10A-4BBB-8A0E-912EEFE47882}.Release|iPhone.Build.0 = Release|Any CPU
		{3C511FA6-A10A-4BBB-8A0E-912EEFE47882}.Release|iPhoneSimulator.ActiveCfg = Release|Any CPU
		{3C511FA6-A10A-4BBB-8A0E-912EEFE47882}.Release|iPhoneSimulator.Build.0 = Release|Any CPU
		{3C511FA6-A10A-4BBB-8A0E-912EEFE47882}.Release|x64.ActiveCfg = Release|Any CPU
		{3C511FA6-A10A-4BBB-8A0E-912EEFE47882}.Release|x64.Build.0 = Release|Any CPU
		{3C511FA6-A10A-4BBB-8A0E-912EEFE47882}.Release|x86.ActiveCfg = Release|Any CPU
		{3C511FA6-A10A-4BBB-8A0E-912EEFE47882}.Release|x86.Build.0 = Release|Any CPU
		{68BE513B-F935-47E0-8AB8-368EED815BEF}.Ad-Hoc|Any CPU.ActiveCfg = Release|Any CPU
		{68BE513B-F935-47E0-8AB8-368EED815BEF}.Ad-Hoc|Any CPU.Build.0 = Release|Any CPU
		{68BE513B-F935-47E0-8AB8-368EED815BEF}.Ad-Hoc|ARM.ActiveCfg = Release|Any CPU
		{68BE513B-F935-47E0-8AB8-368EED815BEF}.Ad-Hoc|ARM.Build.0 = Release|Any CPU
		{68BE513B-F935-47E0-8AB8-368EED815BEF}.Ad-Hoc|iPhone.ActiveCfg = Release|Any CPU
		{68BE513B-F935-47E0-8AB8-368EED815BEF}.Ad-Hoc|iPhone.Build.0 = Release|Any CPU
		{68BE513B-F935-47E0-8AB8-368EED815BEF}.Ad-Hoc|iPhoneSimulator.ActiveCfg = Release|Any CPU
		{68BE513B-F935-47E0-8AB8-368EED815BEF}.Ad-Hoc|iPhoneSimulator.Build.0 = Release|Any CPU
		{68BE513B-F935-47E0-8AB8-368EED815BEF}.Ad-Hoc|x64.ActiveCfg = Release|Any CPU
		{68BE513B-F935-47E0-8AB8-368EED815BEF}.Ad-Hoc|x64.Build.0 = Release|Any CPU
		{68BE513B-F935-47E0-8AB8-368EED815BEF}.Ad-Hoc|x86.ActiveCfg = Release|Any CPU
		{68BE513B-F935-47E0-8AB8-368EED815BEF}.Ad-Hoc|x86.Build.0 = Release|Any CPU
		{68BE513B-F935-47E0-8AB8-368EED815BEF}.AppStore|Any CPU.ActiveCfg = Release|Any CPU
		{68BE513B-F935-47E0-8AB8-368EED815BEF}.AppStore|Any CPU.Build.0 = Release|Any CPU
		{68BE513B-F935-47E0-8AB8-368EED815BEF}.AppStore|ARM.ActiveCfg = Release|Any CPU
		{68BE513B-F935-47E0-8AB8-368EED815BEF}.AppStore|ARM.Build.0 = Release|Any CPU
		{68BE513B-F935-47E0-8AB8-368EED815BEF}.AppStore|iPhone.ActiveCfg = Release|Any CPU
		{68BE513B-F935-47E0-8AB8-368EED815BEF}.AppStore|iPhone.Build.0 = Release|Any CPU
		{68BE513B-F935-47E0-8AB8-368EED815BEF}.AppStore|iPhoneSimulator.ActiveCfg = Release|Any CPU
		{68BE513B-F935-47E0-8AB8-368EED815BEF}.AppStore|iPhoneSimulator.Build.0 = Release|Any CPU
		{68BE513B-F935-47E0-8AB8-368EED815BEF}.AppStore|x64.ActiveCfg = Release|Any CPU
		{68BE513B-F935-47E0-8AB8-368EED815BEF}.AppStore|x64.Build.0 = Release|Any CPU
		{68BE513B-F935-47E0-8AB8-368EED815BEF}.AppStore|x86.ActiveCfg = Release|Any CPU
		{68BE513B-F935-47E0-8AB8-368EED815BEF}.AppStore|x86.Build.0 = Release|Any CPU
		{68BE513B-F935-47E0-8AB8-368EED815BEF}.Debug|Any CPU.ActiveCfg = Debug|Any CPU
		{68BE513B-F935-47E0-8AB8-368EED815BEF}.Debug|Any CPU.Build.0 = Debug|Any CPU
		{68BE513B-F935-47E0-8AB8-368EED815BEF}.Debug|ARM.ActiveCfg = Debug|Any CPU
		{68BE513B-F935-47E0-8AB8-368EED815BEF}.Debug|ARM.Build.0 = Debug|Any CPU
		{68BE513B-F935-47E0-8AB8-368EED815BEF}.Debug|iPhone.ActiveCfg = Debug|Any CPU
		{68BE513B-F935-47E0-8AB8-368EED815BEF}.Debug|iPhone.Build.0 = Debug|Any CPU
		{68BE513B-F935-47E0-8AB8-368EED815BEF}.Debug|iPhoneSimulator.ActiveCfg = Debug|Any CPU
		{68BE513B-F935-47E0-8AB8-368EED815BEF}.Debug|iPhoneSimulator.Build.0 = Debug|Any CPU
		{68BE513B-F935-47E0-8AB8-368EED815BEF}.Debug|x64.ActiveCfg = Debug|Any CPU
		{68BE513B-F935-47E0-8AB8-368EED815BEF}.Debug|x64.Build.0 = Debug|Any CPU
		{68BE513B-F935-47E0-8AB8-368EED815BEF}.Debug|x86.ActiveCfg = Debug|Any CPU
		{68BE513B-F935-47E0-8AB8-368EED815BEF}.Debug|x86.Build.0 = Debug|Any CPU
		{68BE513B-F935-47E0-8AB8-368EED815BEF}.Release|Any CPU.ActiveCfg = Release|Any CPU
		{68BE513B-F935-47E0-8AB8-368EED815BEF}.Release|Any CPU.Build.0 = Release|Any CPU
		{68BE513B-F935-47E0-8AB8-368EED815BEF}.Release|ARM.ActiveCfg = Release|Any CPU
		{68BE513B-F935-47E0-8AB8-368EED815BEF}.Release|ARM.Build.0 = Release|Any CPU
		{68BE513B-F935-47E0-8AB8-368EED815BEF}.Release|iPhone.ActiveCfg = Release|Any CPU
		{68BE513B-F935-47E0-8AB8-368EED815BEF}.Release|iPhone.Build.0 = Release|Any CPU
		{68BE513B-F935-47E0-8AB8-368EED815BEF}.Release|iPhoneSimulator.ActiveCfg = Release|Any CPU
		{68BE513B-F935-47E0-8AB8-368EED815BEF}.Release|iPhoneSimulator.Build.0 = Release|Any CPU
		{68BE513B-F935-47E0-8AB8-368EED815BEF}.Release|x64.ActiveCfg = Release|Any CPU
		{68BE513B-F935-47E0-8AB8-368EED815BEF}.Release|x64.Build.0 = Release|Any CPU
		{68BE513B-F935-47E0-8AB8-368EED815BEF}.Release|x86.ActiveCfg = Release|Any CPU
		{68BE513B-F935-47E0-8AB8-368EED815BEF}.Release|x86.Build.0 = Release|Any CPU
		{CB639809-5183-4142-BF60-0CDD1E802855}.Ad-Hoc|Any CPU.ActiveCfg = Release|Any CPU
		{CB639809-5183-4142-BF60-0CDD1E802855}.Ad-Hoc|Any CPU.Build.0 = Release|Any CPU
		{CB639809-5183-4142-BF60-0CDD1E802855}.Ad-Hoc|ARM.ActiveCfg = Release|Any CPU
		{CB639809-5183-4142-BF60-0CDD1E802855}.Ad-Hoc|ARM.Build.0 = Release|Any CPU
		{CB639809-5183-4142-BF60-0CDD1E802855}.Ad-Hoc|iPhone.ActiveCfg = Release|Any CPU
		{CB639809-5183-4142-BF60-0CDD1E802855}.Ad-Hoc|iPhone.Build.0 = Release|Any CPU
		{CB639809-5183-4142-BF60-0CDD1E802855}.Ad-Hoc|iPhoneSimulator.ActiveCfg = Release|Any CPU
		{CB639809-5183-4142-BF60-0CDD1E802855}.Ad-Hoc|iPhoneSimulator.Build.0 = Release|Any CPU
		{CB639809-5183-4142-BF60-0CDD1E802855}.Ad-Hoc|x64.ActiveCfg = Release|Any CPU
		{CB639809-5183-4142-BF60-0CDD1E802855}.Ad-Hoc|x64.Build.0 = Release|Any CPU
		{CB639809-5183-4142-BF60-0CDD1E802855}.Ad-Hoc|x86.ActiveCfg = Release|Any CPU
		{CB639809-5183-4142-BF60-0CDD1E802855}.Ad-Hoc|x86.Build.0 = Release|Any CPU
		{CB639809-5183-4142-BF60-0CDD1E802855}.AppStore|Any CPU.ActiveCfg = Release|Any CPU
		{CB639809-5183-4142-BF60-0CDD1E802855}.AppStore|Any CPU.Build.0 = Release|Any CPU
		{CB639809-5183-4142-BF60-0CDD1E802855}.AppStore|ARM.ActiveCfg = Release|Any CPU
		{CB639809-5183-4142-BF60-0CDD1E802855}.AppStore|ARM.Build.0 = Release|Any CPU
		{CB639809-5183-4142-BF60-0CDD1E802855}.AppStore|iPhone.ActiveCfg = Release|Any CPU
		{CB639809-5183-4142-BF60-0CDD1E802855}.AppStore|iPhone.Build.0 = Release|Any CPU
		{CB639809-5183-4142-BF60-0CDD1E802855}.AppStore|iPhoneSimulator.ActiveCfg = Release|Any CPU
		{CB639809-5183-4142-BF60-0CDD1E802855}.AppStore|iPhoneSimulator.Build.0 = Release|Any CPU
		{CB639809-5183-4142-BF60-0CDD1E802855}.AppStore|x64.ActiveCfg = Release|Any CPU
		{CB639809-5183-4142-BF60-0CDD1E802855}.AppStore|x64.Build.0 = Release|Any CPU
		{CB639809-5183-4142-BF60-0CDD1E802855}.AppStore|x86.ActiveCfg = Release|Any CPU
		{CB639809-5183-4142-BF60-0CDD1E802855}.AppStore|x86.Build.0 = Release|Any CPU
		{CB639809-5183-4142-BF60-0CDD1E802855}.Debug|Any CPU.ActiveCfg = Debug|Any CPU
		{CB639809-5183-4142-BF60-0CDD1E802855}.Debug|Any CPU.Build.0 = Debug|Any CPU
		{CB639809-5183-4142-BF60-0CDD1E802855}.Debug|ARM.ActiveCfg = Debug|Any CPU
		{CB639809-5183-4142-BF60-0CDD1E802855}.Debug|ARM.Build.0 = Debug|Any CPU
		{CB639809-5183-4142-BF60-0CDD1E802855}.Debug|iPhone.ActiveCfg = Debug|Any CPU
		{CB639809-5183-4142-BF60-0CDD1E802855}.Debug|iPhone.Build.0 = Debug|Any CPU
		{CB639809-5183-4142-BF60-0CDD1E802855}.Debug|iPhoneSimulator.ActiveCfg = Debug|Any CPU
		{CB639809-5183-4142-BF60-0CDD1E802855}.Debug|iPhoneSimulator.Build.0 = Debug|Any CPU
		{CB639809-5183-4142-BF60-0CDD1E802855}.Debug|x64.ActiveCfg = Debug|Any CPU
		{CB639809-5183-4142-BF60-0CDD1E802855}.Debug|x64.Build.0 = Debug|Any CPU
		{CB639809-5183-4142-BF60-0CDD1E802855}.Debug|x86.ActiveCfg = Debug|Any CPU
		{CB639809-5183-4142-BF60-0CDD1E802855}.Debug|x86.Build.0 = Debug|Any CPU
		{CB639809-5183-4142-BF60-0CDD1E802855}.Release|Any CPU.ActiveCfg = Release|Any CPU
		{CB639809-5183-4142-BF60-0CDD1E802855}.Release|Any CPU.Build.0 = Release|Any CPU
		{CB639809-5183-4142-BF60-0CDD1E802855}.Release|ARM.ActiveCfg = Release|Any CPU
		{CB639809-5183-4142-BF60-0CDD1E802855}.Release|ARM.Build.0 = Release|Any CPU
		{CB639809-5183-4142-BF60-0CDD1E802855}.Release|iPhone.ActiveCfg = Release|Any CPU
		{CB639809-5183-4142-BF60-0CDD1E802855}.Release|iPhone.Build.0 = Release|Any CPU
		{CB639809-5183-4142-BF60-0CDD1E802855}.Release|iPhoneSimulator.ActiveCfg = Release|Any CPU
		{CB639809-5183-4142-BF60-0CDD1E802855}.Release|iPhoneSimulator.Build.0 = Release|Any CPU
		{CB639809-5183-4142-BF60-0CDD1E802855}.Release|x64.ActiveCfg = Release|Any CPU
		{CB639809-5183-4142-BF60-0CDD1E802855}.Release|x64.Build.0 = Release|Any CPU
		{CB639809-5183-4142-BF60-0CDD1E802855}.Release|x86.ActiveCfg = Release|Any CPU
		{CB639809-5183-4142-BF60-0CDD1E802855}.Release|x86.Build.0 = Release|Any CPU
		{B72AABC2-86A0-47A0-81FD-1B7EA2FB6473}.Ad-Hoc|Any CPU.ActiveCfg = Release|Any CPU
		{B72AABC2-86A0-47A0-81FD-1B7EA2FB6473}.Ad-Hoc|Any CPU.Build.0 = Release|Any CPU
		{B72AABC2-86A0-47A0-81FD-1B7EA2FB6473}.Ad-Hoc|ARM.ActiveCfg = Release|Any CPU
		{B72AABC2-86A0-47A0-81FD-1B7EA2FB6473}.Ad-Hoc|ARM.Build.0 = Release|Any CPU
		{B72AABC2-86A0-47A0-81FD-1B7EA2FB6473}.Ad-Hoc|iPhone.ActiveCfg = Release|Any CPU
		{B72AABC2-86A0-47A0-81FD-1B7EA2FB6473}.Ad-Hoc|iPhone.Build.0 = Release|Any CPU
		{B72AABC2-86A0-47A0-81FD-1B7EA2FB6473}.Ad-Hoc|iPhoneSimulator.ActiveCfg = Release|Any CPU
		{B72AABC2-86A0-47A0-81FD-1B7EA2FB6473}.Ad-Hoc|iPhoneSimulator.Build.0 = Release|Any CPU
		{B72AABC2-86A0-47A0-81FD-1B7EA2FB6473}.Ad-Hoc|x64.ActiveCfg = Release|Any CPU
		{B72AABC2-86A0-47A0-81FD-1B7EA2FB6473}.Ad-Hoc|x64.Build.0 = Release|Any CPU
		{B72AABC2-86A0-47A0-81FD-1B7EA2FB6473}.Ad-Hoc|x86.ActiveCfg = Release|Any CPU
		{B72AABC2-86A0-47A0-81FD-1B7EA2FB6473}.Ad-Hoc|x86.Build.0 = Release|Any CPU
		{B72AABC2-86A0-47A0-81FD-1B7EA2FB6473}.AppStore|Any CPU.ActiveCfg = Release|Any CPU
		{B72AABC2-86A0-47A0-81FD-1B7EA2FB6473}.AppStore|Any CPU.Build.0 = Release|Any CPU
		{B72AABC2-86A0-47A0-81FD-1B7EA2FB6473}.AppStore|ARM.ActiveCfg = Release|Any CPU
		{B72AABC2-86A0-47A0-81FD-1B7EA2FB6473}.AppStore|ARM.Build.0 = Release|Any CPU
		{B72AABC2-86A0-47A0-81FD-1B7EA2FB6473}.AppStore|iPhone.ActiveCfg = Release|Any CPU
		{B72AABC2-86A0-47A0-81FD-1B7EA2FB6473}.AppStore|iPhone.Build.0 = Release|Any CPU
		{B72AABC2-86A0-47A0-81FD-1B7EA2FB6473}.AppStore|iPhoneSimulator.ActiveCfg = Release|Any CPU
		{B72AABC2-86A0-47A0-81FD-1B7EA2FB6473}.AppStore|iPhoneSimulator.Build.0 = Release|Any CPU
		{B72AABC2-86A0-47A0-81FD-1B7EA2FB6473}.AppStore|x64.ActiveCfg = Release|Any CPU
		{B72AABC2-86A0-47A0-81FD-1B7EA2FB6473}.AppStore|x64.Build.0 = Release|Any CPU
		{B72AABC2-86A0-47A0-81FD-1B7EA2FB6473}.AppStore|x86.ActiveCfg = Release|Any CPU
		{B72AABC2-86A0-47A0-81FD-1B7EA2FB6473}.AppStore|x86.Build.0 = Release|Any CPU
		{B72AABC2-86A0-47A0-81FD-1B7EA2FB6473}.Debug|Any CPU.ActiveCfg = Debug|Any CPU
		{B72AABC2-86A0-47A0-81FD-1B7EA2FB6473}.Debug|Any CPU.Build.0 = Debug|Any CPU
		{B72AABC2-86A0-47A0-81FD-1B7EA2FB6473}.Debug|ARM.ActiveCfg = Debug|Any CPU
		{B72AABC2-86A0-47A0-81FD-1B7EA2FB6473}.Debug|ARM.Build.0 = Debug|Any CPU
		{B72AABC2-86A0-47A0-81FD-1B7EA2FB6473}.Debug|iPhone.ActiveCfg = Debug|Any CPU
		{B72AABC2-86A0-47A0-81FD-1B7EA2FB6473}.Debug|iPhone.Build.0 = Debug|Any CPU
		{B72AABC2-86A0-47A0-81FD-1B7EA2FB6473}.Debug|iPhoneSimulator.ActiveCfg = Debug|Any CPU
		{B72AABC2-86A0-47A0-81FD-1B7EA2FB6473}.Debug|iPhoneSimulator.Build.0 = Debug|Any CPU
		{B72AABC2-86A0-47A0-81FD-1B7EA2FB6473}.Debug|x64.ActiveCfg = Debug|Any CPU
		{B72AABC2-86A0-47A0-81FD-1B7EA2FB6473}.Debug|x64.Build.0 = Debug|Any CPU
		{B72AABC2-86A0-47A0-81FD-1B7EA2FB6473}.Debug|x86.ActiveCfg = Debug|Any CPU
		{B72AABC2-86A0-47A0-81FD-1B7EA2FB6473}.Debug|x86.Build.0 = Debug|Any CPU
		{B72AABC2-86A0-47A0-81FD-1B7EA2FB6473}.Release|Any CPU.ActiveCfg = Release|Any CPU
		{B72AABC2-86A0-47A0-81FD-1B7EA2FB6473}.Release|Any CPU.Build.0 = Release|Any CPU
		{B72AABC2-86A0-47A0-81FD-1B7EA2FB6473}.Release|ARM.ActiveCfg = Release|Any CPU
		{B72AABC2-86A0-47A0-81FD-1B7EA2FB6473}.Release|ARM.Build.0 = Release|Any CPU
		{B72AABC2-86A0-47A0-81FD-1B7EA2FB6473}.Release|iPhone.ActiveCfg = Release|Any CPU
		{B72AABC2-86A0-47A0-81FD-1B7EA2FB6473}.Release|iPhone.Build.0 = Release|Any CPU
		{B72AABC2-86A0-47A0-81FD-1B7EA2FB6473}.Release|iPhoneSimulator.ActiveCfg = Release|Any CPU
		{B72AABC2-86A0-47A0-81FD-1B7EA2FB6473}.Release|iPhoneSimulator.Build.0 = Release|Any CPU
		{B72AABC2-86A0-47A0-81FD-1B7EA2FB6473}.Release|x64.ActiveCfg = Release|Any CPU
		{B72AABC2-86A0-47A0-81FD-1B7EA2FB6473}.Release|x64.Build.0 = Release|Any CPU
		{B72AABC2-86A0-47A0-81FD-1B7EA2FB6473}.Release|x86.ActiveCfg = Release|Any CPU
		{B72AABC2-86A0-47A0-81FD-1B7EA2FB6473}.Release|x86.Build.0 = Release|Any CPU
		{1C4ED0B9-D7C7-4754-A6F7-3DC1CEBCFEA1}.Ad-Hoc|Any CPU.ActiveCfg = Release|Any CPU
		{1C4ED0B9-D7C7-4754-A6F7-3DC1CEBCFEA1}.Ad-Hoc|Any CPU.Build.0 = Release|Any CPU
		{1C4ED0B9-D7C7-4754-A6F7-3DC1CEBCFEA1}.Ad-Hoc|ARM.ActiveCfg = Release|Any CPU
		{1C4ED0B9-D7C7-4754-A6F7-3DC1CEBCFEA1}.Ad-Hoc|ARM.Build.0 = Release|Any CPU
		{1C4ED0B9-D7C7-4754-A6F7-3DC1CEBCFEA1}.Ad-Hoc|iPhone.ActiveCfg = Release|Any CPU
		{1C4ED0B9-D7C7-4754-A6F7-3DC1CEBCFEA1}.Ad-Hoc|iPhone.Build.0 = Release|Any CPU
		{1C4ED0B9-D7C7-4754-A6F7-3DC1CEBCFEA1}.Ad-Hoc|iPhoneSimulator.ActiveCfg = Release|Any CPU
		{1C4ED0B9-D7C7-4754-A6F7-3DC1CEBCFEA1}.Ad-Hoc|iPhoneSimulator.Build.0 = Release|Any CPU
		{1C4ED0B9-D7C7-4754-A6F7-3DC1CEBCFEA1}.Ad-Hoc|x64.ActiveCfg = Release|Any CPU
		{1C4ED0B9-D7C7-4754-A6F7-3DC1CEBCFEA1}.Ad-Hoc|x64.Build.0 = Release|Any CPU
		{1C4ED0B9-D7C7-4754-A6F7-3DC1CEBCFEA1}.Ad-Hoc|x86.ActiveCfg = Release|Any CPU
		{1C4ED0B9-D7C7-4754-A6F7-3DC1CEBCFEA1}.Ad-Hoc|x86.Build.0 = Release|Any CPU
		{1C4ED0B9-D7C7-4754-A6F7-3DC1CEBCFEA1}.AppStore|Any CPU.ActiveCfg = Release|Any CPU
		{1C4ED0B9-D7C7-4754-A6F7-3DC1CEBCFEA1}.AppStore|Any CPU.Build.0 = Release|Any CPU
		{1C4ED0B9-D7C7-4754-A6F7-3DC1CEBCFEA1}.AppStore|ARM.ActiveCfg = Release|Any CPU
		{1C4ED0B9-D7C7-4754-A6F7-3DC1CEBCFEA1}.AppStore|ARM.Build.0 = Release|Any CPU
		{1C4ED0B9-D7C7-4754-A6F7-3DC1CEBCFEA1}.AppStore|iPhone.ActiveCfg = Release|Any CPU
		{1C4ED0B9-D7C7-4754-A6F7-3DC1CEBCFEA1}.AppStore|iPhone.Build.0 = Release|Any CPU
		{1C4ED0B9-D7C7-4754-A6F7-3DC1CEBCFEA1}.AppStore|iPhoneSimulator.ActiveCfg = Release|Any CPU
		{1C4ED0B9-D7C7-4754-A6F7-3DC1CEBCFEA1}.AppStore|iPhoneSimulator.Build.0 = Release|Any CPU
		{1C4ED0B9-D7C7-4754-A6F7-3DC1CEBCFEA1}.AppStore|x64.ActiveCfg = Release|Any CPU
		{1C4ED0B9-D7C7-4754-A6F7-3DC1CEBCFEA1}.AppStore|x64.Build.0 = Release|Any CPU
		{1C4ED0B9-D7C7-4754-A6F7-3DC1CEBCFEA1}.AppStore|x86.ActiveCfg = Release|Any CPU
		{1C4ED0B9-D7C7-4754-A6F7-3DC1CEBCFEA1}.AppStore|x86.Build.0 = Release|Any CPU
		{1C4ED0B9-D7C7-4754-A6F7-3DC1CEBCFEA1}.Debug|Any CPU.ActiveCfg = Debug|Any CPU
		{1C4ED0B9-D7C7-4754-A6F7-3DC1CEBCFEA1}.Debug|Any CPU.Build.0 = Debug|Any CPU
		{1C4ED0B9-D7C7-4754-A6F7-3DC1CEBCFEA1}.Debug|ARM.ActiveCfg = Debug|Any CPU
		{1C4ED0B9-D7C7-4754-A6F7-3DC1CEBCFEA1}.Debug|ARM.Build.0 = Debug|Any CPU
		{1C4ED0B9-D7C7-4754-A6F7-3DC1CEBCFEA1}.Debug|iPhone.ActiveCfg = Debug|Any CPU
		{1C4ED0B9-D7C7-4754-A6F7-3DC1CEBCFEA1}.Debug|iPhone.Build.0 = Debug|Any CPU
		{1C4ED0B9-D7C7-4754-A6F7-3DC1CEBCFEA1}.Debug|iPhoneSimulator.ActiveCfg = Debug|Any CPU
		{1C4ED0B9-D7C7-4754-A6F7-3DC1CEBCFEA1}.Debug|iPhoneSimulator.Build.0 = Debug|Any CPU
		{1C4ED0B9-D7C7-4754-A6F7-3DC1CEBCFEA1}.Debug|x64.ActiveCfg = Debug|Any CPU
		{1C4ED0B9-D7C7-4754-A6F7-3DC1CEBCFEA1}.Debug|x64.Build.0 = Debug|Any CPU
		{1C4ED0B9-D7C7-4754-A6F7-3DC1CEBCFEA1}.Debug|x86.ActiveCfg = Debug|Any CPU
		{1C4ED0B9-D7C7-4754-A6F7-3DC1CEBCFEA1}.Debug|x86.Build.0 = Debug|Any CPU
		{1C4ED0B9-D7C7-4754-A6F7-3DC1CEBCFEA1}.Release|Any CPU.ActiveCfg = Release|Any CPU
		{1C4ED0B9-D7C7-4754-A6F7-3DC1CEBCFEA1}.Release|Any CPU.Build.0 = Release|Any CPU
		{1C4ED0B9-D7C7-4754-A6F7-3DC1CEBCFEA1}.Release|ARM.ActiveCfg = Release|Any CPU
		{1C4ED0B9-D7C7-4754-A6F7-3DC1CEBCFEA1}.Release|ARM.Build.0 = Release|Any CPU
		{1C4ED0B9-D7C7-4754-A6F7-3DC1CEBCFEA1}.Release|iPhone.ActiveCfg = Release|Any CPU
		{1C4ED0B9-D7C7-4754-A6F7-3DC1CEBCFEA1}.Release|iPhone.Build.0 = Release|Any CPU
		{1C4ED0B9-D7C7-4754-A6F7-3DC1CEBCFEA1}.Release|iPhoneSimulator.ActiveCfg = Release|Any CPU
		{1C4ED0B9-D7C7-4754-A6F7-3DC1CEBCFEA1}.Release|iPhoneSimulator.Build.0 = Release|Any CPU
		{1C4ED0B9-D7C7-4754-A6F7-3DC1CEBCFEA1}.Release|x64.ActiveCfg = Release|Any CPU
		{1C4ED0B9-D7C7-4754-A6F7-3DC1CEBCFEA1}.Release|x64.Build.0 = Release|Any CPU
		{1C4ED0B9-D7C7-4754-A6F7-3DC1CEBCFEA1}.Release|x86.ActiveCfg = Release|Any CPU
		{1C4ED0B9-D7C7-4754-A6F7-3DC1CEBCFEA1}.Release|x86.Build.0 = Release|Any CPU
	EndGlobalSection
	GlobalSection(SolutionProperties) = preSolution
		HideSolutionNode = FALSE
	EndGlobalSection
	GlobalSection(NestedProjects) = preSolution
		{776B05A6-DF7B-4BEC-83E4-A0A029EACEDA} = {843F7F59-EE4E-4F78-9098-70D4F5AE5999}
		{75173411-1D6D-4165-9E25-F218F3D00AF5} = {03B110ED-C18A-45F1-AC9E-47B82DCB3A50}
		{2671976B-E1E5-4F0A-997C-FE32053E309A} = {FFA1D630-8C25-4D9C-8742-EF25EA846340}
		{8E6F224E-55E3-4827-B414-082ADCC97C19} = {FA31FDD0-C965-4988-9E27-1956D73738F6}
		{FA31FDD0-C965-4988-9E27-1956D73738F6} = {FE7CEB43-5931-4256-8651-4C3B7F1D1A73}
		{AF1687BB-EE77-40C6-B107-4169B812EC2D} = {FE7CEB43-5931-4256-8651-4C3B7F1D1A73}
		{08EBD10D-1F07-4091-830C-18077B320F46} = {AF1687BB-EE77-40C6-B107-4169B812EC2D}
		{3C511FA6-A10A-4BBB-8A0E-912EEFE47882} = {AF1687BB-EE77-40C6-B107-4169B812EC2D}
		{197EE565-BE33-4C79-B5C1-A0DBB318AB2A} = {FE7CEB43-5931-4256-8651-4C3B7F1D1A73}
		{68BE513B-F935-47E0-8AB8-368EED815BEF} = {197EE565-BE33-4C79-B5C1-A0DBB318AB2A}
		{CB639809-5183-4142-BF60-0CDD1E802855} = {197EE565-BE33-4C79-B5C1-A0DBB318AB2A}
		{B72AABC2-86A0-47A0-81FD-1B7EA2FB6473} = {843F7F59-EE4E-4F78-9098-70D4F5AE5999}
		{1C4ED0B9-D7C7-4754-A6F7-3DC1CEBCFEA1} = {843F7F59-EE4E-4F78-9098-70D4F5AE5999}
		{03B110ED-C18A-45F1-AC9E-47B82DCB3A50} = {FFA1D630-8C25-4D9C-8742-EF25EA846340}
		{843F7F59-EE4E-4F78-9098-70D4F5AE5999} = {FE7CEB43-5931-4256-8651-4C3B7F1D1A73}
	EndGlobalSection
EndGlobal
